
Microsoft Visual Studio Solution File, Format Version 12.00
# Visual Studio Version 17
VisualStudioVersion = 17.3.32819.101
MinimumVisualStudioVersion = 10.0.40219.1
Project("{9A19103F-16F7-4668-BE54-9A1E7A4F7556}") = "CafeManagementSystem", "CafeManagementSystem.csproj", "{3E28768A-9827-4813-B28A-051DD78A855F}"
EndProject
Project("{54435603-DBB4-11D2-8724-00A0C9A8B90C}") = "CafeManagementSystemSetup", "..\CafeManagementSystemSetup\CafeManagementSystemSetup.vdproj", "{4DF4882C-18E4-45ED-B7F1-C844C9B18FEC}"
EndProject
Global
	GlobalSection(SolutionConfigurationPlatforms) = preSolution
		Debug|Any CPU = Debug|Any CPU
		Release|Any CPU = Release|Any CPU
	EndGlobalSection
	GlobalSection(ProjectConfigurationPlatforms) = postSolution
		{3E28768A-9827-4813-B28A-051DD78A855F}.Debug|Any CPU.ActiveCfg = Debug|Any CPU
		{3E28768A-9827-4813-B28A-051DD78A855F}.Debug|Any CPU.Build.0 = Debug|Any CPU
		{3E28768A-9827-4813-B28A-051DD78A855F}.Release|Any CPU.ActiveCfg = Release|Any CPU
		{3E28768A-9827-4813-B28A-051DD78A855F}.Release|Any CPU.Build.0 = Release|Any CPU
		{4DF4882C-18E4-45ED-B7F1-C844C9B18FEC}.Debug|Any CPU.ActiveCfg = Debug
		{4DF4882C-18E4-45ED-B7F1-C844C9B18FEC}.Release|Any CPU.ActiveCfg = Release
	EndGlobalSection
	GlobalSection(SolutionProperties) = preSolution
		HideSolutionNode = FALSE
	EndGlobalSection
	GlobalSection(ExtensibilityGlobals) = postSolution
		SolutionGuid = {37778C80-6F64-4FC1-A7DE-DB52E5270A7F}
	EndGlobalSection
EndGlobal
